
Microsoft Visual Studio Solution File, Format Version 12.00
# Visual Studio Version 16
VisualStudioVersion = 16.0.30907.101
MinimumVisualStudioVersion = 10.0.40219.1
Project("{2150E333-8FDC-42A3-9474-1A3956D46DE8}") = "Zadatak 1", "Zadatak 1", "{72049206-2760-4850-81DD-7DC6A103CED4}"
EndProject
Project("{FAE04EC0-301F-11D3-BF4B-00C04F79EFBC}") = "Zadatak1", "Zadatak1\Zadatak1.csproj", "{A2E7B329-8115-41A0-BC95-2AB12450FBF8}"
EndProject
Project("{2150E333-8FDC-42A3-9474-1A3956D46DE8}") = "Zadatak 5", "Zadatak 5", "{5811FFCF-4756-4AC9-AD0E-59EEEBE7995B}"
EndProject
Project("{FAE04EC0-301F-11D3-BF4B-00C04F79EFBC}") = "Zadatak5", "Zadatak5\Zadatak5.csproj", "{2D524DEC-26A5-4AE4-BDB1-5392251C57B9}"
EndProject
Project("{FAE04EC0-301F-11D3-BF4B-00C04F79EFBC}") = "Testovi", "Testovi\Testovi.csproj", "{E3AA8F06-02F2-44DD-9EA8-AF2ED563042B}"
EndProject
Project("{2150E333-8FDC-42A3-9474-1A3956D46DE8}") = "Zadatak 4", "Zadatak 4", "{0DD2489F-E065-47B2-98EF-184D6278F764}"
EndProject
Project("{FAE04EC0-301F-11D3-BF4B-00C04F79EFBC}") = "Zadatak4", "Zadatak4\Zadatak4.csproj", "{7650B2AE-4CF6-4623-A4FB-73418D0E7946}"
EndProject
Project("{2150E333-8FDC-42A3-9474-1A3956D46DE8}") = "Zadatak 2", "Zadatak 2", "{E0F6D8B0-8224-402A-BD99-DDAD9AFE347F}"
EndProject
Project("{FAE04EC0-301F-11D3-BF4B-00C04F79EFBC}") = "Zadatak2", "Zadatak2\Zadatak2.csproj", "{25390E84-E886-4B5F-87C1-D03DB83A6F7E}"
EndProject
Project("{2150E333-8FDC-42A3-9474-1A3956D46DE8}") = "Zadatak 3", "Zadatak 3", "{DF6A1002-312B-4358-8496-61863C6F9AE9}"
EndProject
Project("{FAE04EC0-301F-11D3-BF4B-00C04F79EFBC}") = "Zadatak3", "Zadatak3\Zadatak3.csproj", "{3B70992D-5D8E-48DE-960B-F5AE58724E94}"
EndProject
Global
	GlobalSection(SolutionConfigurationPlatforms) = preSolution
		Debug|Any CPU = Debug|Any CPU
		Release|Any CPU = Release|Any CPU
	EndGlobalSection
	GlobalSection(ProjectConfigurationPlatforms) = postSolution
		{A2E7B329-8115-41A0-BC95-2AB12450FBF8}.Debug|Any CPU.ActiveCfg = Debug|Any CPU
		{A2E7B329-8115-41A0-BC95-2AB12450FBF8}.Debug|Any CPU.Build.0 = Debug|Any CPU
		{A2E7B329-8115-41A0-BC95-2AB12450FBF8}.Release|Any CPU.ActiveCfg = Release|Any CPU
		{A2E7B329-8115-41A0-BC95-2AB12450FBF8}.Release|Any CPU.Build.0 = Release|Any CPU
		{2D524DEC-26A5-4AE4-BDB1-5392251C57B9}.Debug|Any CPU.ActiveCfg = Debug|Any CPU
		{2D524DEC-26A5-4AE4-BDB1-5392251C57B9}.Debug|Any CPU.Build.0 = Debug|Any CPU
		{2D524DEC-26A5-4AE4-BDB1-5392251C57B9}.Release|Any CPU.ActiveCfg = Release|Any CPU
		{2D524DEC-26A5-4AE4-BDB1-5392251C57B9}.Release|Any CPU.Build.0 = Release|Any CPU
		{E3AA8F06-02F2-44DD-9EA8-AF2ED563042B}.Debug|Any CPU.ActiveCfg = Debug|Any CPU
		{E3AA8F06-02F2-44DD-9EA8-AF2ED563042B}.Debug|Any CPU.Build.0 = Debug|Any CPU
		{E3AA8F06-02F2-44DD-9EA8-AF2ED563042B}.Release|Any CPU.ActiveCfg = Release|Any CPU
		{E3AA8F06-02F2-44DD-9EA8-AF2ED563042B}.Release|Any CPU.Build.0 = Release|Any CPU
		{7650B2AE-4CF6-4623-A4FB-73418D0E7946}.Debug|Any CPU.ActiveCfg = Debug|Any CPU
		{7650B2AE-4CF6-4623-A4FB-73418D0E7946}.Debug|Any CPU.Build.0 = Debug|Any CPU
		{7650B2AE-4CF6-4623-A4FB-73418D0E7946}.Release|Any CPU.ActiveCfg = Release|Any CPU
		{7650B2AE-4CF6-4623-A4FB-73418D0E7946}.Release|Any CPU.Build.0 = Release|Any CPU
		{25390E84-E886-4B5F-87C1-D03DB83A6F7E}.Debug|Any CPU.ActiveCfg = Debug|Any CPU
		{25390E84-E886-4B5F-87C1-D03DB83A6F7E}.Debug|Any CPU.Build.0 = Debug|Any CPU
		{25390E84-E886-4B5F-87C1-D03DB83A6F7E}.Release|Any CPU.ActiveCfg = Release|Any CPU
		{25390E84-E886-4B5F-87C1-D03DB83A6F7E}.Release|Any CPU.Build.0 = Release|Any CPU
		{3B70992D-5D8E-48DE-960B-F5AE58724E94}.Debug|Any CPU.ActiveCfg = Debug|Any CPU
		{3B70992D-5D8E-48DE-960B-F5AE58724E94}.Debug|Any CPU.Build.0 = Debug|Any CPU
		{3B70992D-5D8E-48DE-960B-F5AE58724E94}.Release|Any CPU.ActiveCfg = Release|Any CPU
		{3B70992D-5D8E-48DE-960B-F5AE58724E94}.Release|Any CPU.Build.0 = Release|Any CPU
	EndGlobalSection
	GlobalSection(SolutionProperties) = preSolution
		HideSolutionNode = FALSE
	EndGlobalSection
	GlobalSection(NestedProjects) = preSolution
		{A2E7B329-8115-41A0-BC95-2AB12450FBF8} = {72049206-2760-4850-81DD-7DC6A103CED4}
		{2D524DEC-26A5-4AE4-BDB1-5392251C57B9} = {5811FFCF-4756-4AC9-AD0E-59EEEBE7995B}
		{7650B2AE-4CF6-4623-A4FB-73418D0E7946} = {0DD2489F-E065-47B2-98EF-184D6278F764}
		{25390E84-E886-4B5F-87C1-D03DB83A6F7E} = {E0F6D8B0-8224-402A-BD99-DDAD9AFE347F}
		{3B70992D-5D8E-48DE-960B-F5AE58724E94} = {DF6A1002-312B-4358-8496-61863C6F9AE9}
	EndGlobalSection
	GlobalSection(ExtensibilityGlobals) = postSolution
		SolutionGuid = {13D25E24-D0BE-4191-9817-DB156368D6D2}
	EndGlobalSection
EndGlobal
